
Microsoft Visual Studio Solution File, Format Version 12.00
# Visual Studio Version 16
VisualStudioVersion = 16.0.31729.503
MinimumVisualStudioVersion = 10.0.40219.1
Project("{8BC9CEB8-8B4A-11D0-8D11-00A0C91BC942}") = "Reciever", "Reciever\Reciever.vcxproj", "{7728F56E-9E00-49C8-B6C8-FA9263E47545}"
EndProject
Global
	GlobalSection(SolutionConfigurationPlatforms) = preSolution
		Debug|x64 = Debug|x64
		Debug|x86 = Debug|x86
		Release|x64 = Release|x64
		Release|x86 = Release|x86
	EndGlobalSection
	GlobalSection(ProjectConfigurationPlatforms) = postSolution
		{7728F56E-9E00-49C8-B6C8-FA9263E47545}.Debug|x64.ActiveCfg = Debug|x64
		{7728F56E-9E00-49C8-B6C8-FA9263E47545}.Debug|x64.Build.0 = Debug|x64
		{7728F56E-9E00-49C8-B6C8-FA9263E47545}.Debug|x86.ActiveCfg = Debug|Win32
		{7728F56E-9E00-49C8-B6C8-FA9263E47545}.Debug|x86.Build.0 = Debug|Win32
		{7728F56E-9E00-49C8-B6C8-FA9263E47545}.Release|x64.ActiveCfg = Release|x64
		{7728F56E-9E00-49C8-B6C8-FA9263E47545}.Release|x64.Build.0 = Release|x64
		{7728F56E-9E00-49C8-B6C8-FA9263E47545}.Release|x86.ActiveCfg = Release|Win32
		{7728F56E-9E00-49C8-B6C8-FA9263E47545}.Release|x86.Build.0 = Release|Win32
	EndGlobalSection
	GlobalSection(SolutionProperties) = preSolution
		HideSolutionNode = FALSE
	EndGlobalSection
	GlobalSection(ExtensibilityGlobals) = postSolution
		SolutionGuid = {BA6ED1EA-432A-4780-9CE7-E61D508216B4}
	EndGlobalSection
EndGlobal
